Microsoft Visual Studio Solution File, Format Version 11.00
# Visual Studio 2008

Project("{2222AE44-5DBA-6915-182F-47B0E471E1EC}") = "From-Hell-to-Heaven", "Assembly-CSharp-firstpass.csproj", "{63179825-1A1C-B995-451B-E54DC0D12488}"
EndProject
Project("{2222AE44-5DBA-6915-182F-47B0E471E1EC}") = "From-Hell-to-Heaven", "Assembly-CSharp.csproj", "{EF13D09E-F8CC-3904-A460-7ED73FA03013}"
EndProject
Project("{2222AE44-5DBA-6915-182F-47B0E471E1EC}") = "From-Hell-to-Heaven", "Assembly-CSharp-Editor.csproj", "{182B9286-000A-56B5-043D-9AA540356888}"
EndProject
Project("{2222AE44-5DBA-6915-182F-47B0E471E1EC}") = "From-Hell-to-Heaven", "Assembly-UnityScript.unityproj", "{1B5A4365-D435-34C9-A5BC-2E1ED804FDC4}"
EndProject
Global
	GlobalSection(SolutionConfigurationPlatforms) = preSolution
		Debug|Any CPU = Debug|Any CPU
		Release|Any CPU = Release|Any CPU
	EndGlobalSection
	GlobalSection(ProjectConfigurationPlatforms) = postSolution
		{63179825-1A1C-B995-451B-E54DC0D12488}.Debug|Any CPU.ActiveCfg = Debug|Any CPU
		{63179825-1A1C-B995-451B-E54DC0D12488}.Debug|Any CPU.Build.0 = Debug|Any CPU
		{63179825-1A1C-B995-451B-E54DC0D12488}.Release|Any CPU.ActiveCfg = Release|Any CPU
		{63179825-1A1C-B995-451B-E54DC0D12488}.Release|Any CPU.Build.0 = Release|Any CPU
		{EF13D09E-F8CC-3904-A460-7ED73FA03013}.Debug|Any CPU.ActiveCfg = Debug|Any CPU
		{EF13D09E-F8CC-3904-A460-7ED73FA03013}.Debug|Any CPU.Build.0 = Debug|Any CPU
		{EF13D09E-F8CC-3904-A460-7ED73FA03013}.Release|Any CPU.ActiveCfg = Release|Any CPU
		{EF13D09E-F8CC-3904-A460-7ED73FA03013}.Release|Any CPU.Build.0 = Release|Any CPU
		{182B9286-000A-56B5-043D-9AA540356888}.Debug|Any CPU.ActiveCfg = Debug|Any CPU
		{182B9286-000A-56B5-043D-9AA540356888}.Debug|Any CPU.Build.0 = Debug|Any CPU
		{182B9286-000A-56B5-043D-9AA540356888}.Release|Any CPU.ActiveCfg = Release|Any CPU
		{182B9286-000A-56B5-043D-9AA540356888}.Release|Any CPU.Build.0 = Release|Any CPU
		{1B5A4365-D435-34C9-A5BC-2E1ED804FDC4}.Debug|Any CPU.ActiveCfg = Debug|Any CPU
		{1B5A4365-D435-34C9-A5BC-2E1ED804FDC4}.Debug|Any CPU.Build.0 = Debug|Any CPU
		{1B5A4365-D435-34C9-A5BC-2E1ED804FDC4}.Release|Any CPU.ActiveCfg = Release|Any CPU
		{1B5A4365-D435-34C9-A5BC-2E1ED804FDC4}.Release|Any CPU.Build.0 = Release|Any CPU
	EndGlobalSection
	GlobalSection(SolutionProperties) = preSolution
		HideSolutionNode = FALSE
	EndGlobalSection
	GlobalSection(MonoDevelopProperties) = preSolution
		StartupItem = Assembly-CSharp.csproj
	EndGlobalSection
EndGlobal
